
Microsoft Visual Studio Solution File, Format Version 12.00
# Visual Studio 15
VisualStudioVersion = 15.0.28307.136
MinimumVisualStudioVersion = 10.0.40219.1
Project("{FAE04EC0-301F-11D3-BF4B-00C04F79EFBC}") = "NHS", "NHS\NHS.csproj", "{ED2F40EC-4E62-457E-B576-5EE8B8DE60CE}"
EndProject
Global
	GlobalSection(SolutionConfigurationPlatforms) = preSolution
		Debug|Any CPU = Debug|Any CPU
		Release|Any CPU = Release|Any CPU
	EndGlobalSection
	GlobalSection(ProjectConfigurationPlatforms) = postSolution
		{ED2F40EC-4E62-457E-B576-5EE8B8DE60CE}.Debug|Any CPU.ActiveCfg = Debug|Any CPU
		{ED2F40EC-4E62-457E-B576-5EE8B8DE60CE}.Debug|Any CPU.Build.0 = Debug|Any CPU
		{ED2F40EC-4E62-457E-B576-5EE8B8DE60CE}.Release|Any CPU.ActiveCfg = Release|Any CPU
		{ED2F40EC-4E62-457E-B576-5EE8B8DE60CE}.Release|Any CPU.Build.0 = Release|Any CPU
	EndGlobalSection
	GlobalSection(SolutionProperties) = preSolution
		HideSolutionNode = FALSE
	EndGlobalSection
	GlobalSection(ExtensibilityGlobals) = postSolution
		SolutionGuid = {02922E54-FE3C-403B-AD80-D54AE8B926F9}
	EndGlobalSection
EndGlobal
